{
  "name": "perform-test-domain-service",
  "version": "1.0.0",
  "lockfileVersion": 3,
  "requires": true,
  "packages": {
    "": {
      "name": "perform-test-domain-service",
      "version": "1.0.0",
      "license": "ISC",
      "dependencies": {
        "@faker-js/faker": "^8.4.1",
        "@types/k6": "^0.50.0"
      }
    },
    "node_modules/@faker-js/faker": {
      "version": "8.4.1",
      "resolved": "https://registry.npmjs.org/@faker-js/faker/-/faker-8.4.1.tgz",
      "integrity": "sha512-XQ3cU+Q8Uqmrbf2e0cIC/QN43sTBSC8KF12u29Mb47tWrt2hAgBXSgpZMj4Ao8Uk0iJcU99QsOCaIL8934obCg==",
      "funding": [
        {
          "type": "opencollective",
          "url": "https://opencollective.com/fakerjs"
        }
      ],
      "engines": {
        "node": "^14.17.0 || ^16.13.0 || >=18.0.0",
        "npm": ">=6.14.13"
      }
    },
    "node_modules/@types/k6": {
      "version": "0.50.0",
      "resolved": "https://registry.npmjs.org/@types/k6/-/k6-0.50.0.tgz",
      "integrity": "sha512-+KpsLr549oFSpr80Zk9lf9wsEgESYTYzGeBIlS6NnH4PBiqJuRk+xv3KSFfDOCD0ZHbhUsXMV7mEVhWLOzfzmw=="
    }
  }
}
